
Microsoft Visual Studio Solution File, Format Version 12.00
# Visual Studio Version 17
VisualStudioVersion = 17.7.34202.233
MinimumVisualStudioVersion = 10.0.40219.1
Project("{9A19103F-16F7-4668-BE54-9A1E7A4F7556}") = "Lesson_25.10", "Lesson_25.10\Lesson_25.10.csproj", "{48CC6B79-3BD5-40DE-96FA-43840B51CB4D}"
EndProject
Project("{9A19103F-16F7-4668-BE54-9A1E7A4F7556}") = "Lesson_26.10", "Lesson_26.10\Lesson_26.10.csproj", "{4D713401-0493-4F31-A1E7-D26252854D49}"
EndProject
Project("{9A19103F-16F7-4668-BE54-9A1E7A4F7556}") = "Lesson_30.10", "Lesson_30.10\Lesson_30.10.csproj", "{D73FDC9D-F281-4271-937F-80E682EFE435}"
EndProject
Project("{9A19103F-16F7-4668-BE54-9A1E7A4F7556}") = "Lesson_02.11", "Lesson_02.11\Lesson_02.11.csproj", "{BFD8B98A-5F03-46F2-B647-CE11D8862506}"
EndProject
Project("{9A19103F-16F7-4668-BE54-9A1E7A4F7556}") = "Practice_02.10", "Practice_02.10\Practice_02.10.csproj", "{BCCDD148-171C-4302-99FE-9B6C912E25CB}"
EndProject
Project("{9A19103F-16F7-4668-BE54-9A1E7A4F7556}") = "Lesson_06.11", "Lesson_06.11\Lesson_06.11.csproj", "{86E9FE70-B320-4DE9-9398-61EA875BA120}"
EndProject
Project("{9A19103F-16F7-4668-BE54-9A1E7A4F7556}") = "Lesson_06.11_Task_2", "Lesson_06.11_Task_2\Lesson_06.11_Task_2.csproj", "{BF5BE5F9-0C18-43B7-9156-85663B936227}"
EndProject
Project("{FAE04EC0-301F-11D3-BF4B-00C04F79EFBC}") = "Lesson_08.11", "Lesson_08.11\Lesson_08.11.csproj", "{0E7BE139-3A0A-4CC1-AB24-3FC1B50D202E}"
EndProject
Global
	GlobalSection(SolutionConfigurationPlatforms) = preSolution
		Debug|Any CPU = Debug|Any CPU
		Release|Any CPU = Release|Any CPU
	EndGlobalSection
	GlobalSection(ProjectConfigurationPlatforms) = postSolution
		{48CC6B79-3BD5-40DE-96FA-43840B51CB4D}.Debug|Any CPU.ActiveCfg = Debug|Any CPU
		{48CC6B79-3BD5-40DE-96FA-43840B51CB4D}.Debug|Any CPU.Build.0 = Debug|Any CPU
		{48CC6B79-3BD5-40DE-96FA-43840B51CB4D}.Release|Any CPU.ActiveCfg = Release|Any CPU
		{48CC6B79-3BD5-40DE-96FA-43840B51CB4D}.Release|Any CPU.Build.0 = Release|Any CPU
		{4D713401-0493-4F31-A1E7-D26252854D49}.Debug|Any CPU.ActiveCfg = Debug|Any CPU
		{4D713401-0493-4F31-A1E7-D26252854D49}.Debug|Any CPU.Build.0 = Debug|Any CPU
		{4D713401-0493-4F31-A1E7-D26252854D49}.Release|Any CPU.ActiveCfg = Release|Any CPU
		{4D713401-0493-4F31-A1E7-D26252854D49}.Release|Any CPU.Build.0 = Release|Any CPU
		{D73FDC9D-F281-4271-937F-80E682EFE435}.Debug|Any CPU.ActiveCfg = Debug|Any CPU
		{D73FDC9D-F281-4271-937F-80E682EFE435}.Debug|Any CPU.Build.0 = Debug|Any CPU
		{D73FDC9D-F281-4271-937F-80E682EFE435}.Release|Any CPU.ActiveCfg = Release|Any CPU
		{D73FDC9D-F281-4271-937F-80E682EFE435}.Release|Any CPU.Build.0 = Release|Any CPU
		{BFD8B98A-5F03-46F2-B647-CE11D8862506}.Debug|Any CPU.ActiveCfg = Debug|Any CPU
		{BFD8B98A-5F03-46F2-B647-CE11D8862506}.Debug|Any CPU.Build.0 = Debug|Any CPU
		{BFD8B98A-5F03-46F2-B647-CE11D8862506}.Release|Any CPU.ActiveCfg = Release|Any CPU
		{BFD8B98A-5F03-46F2-B647-CE11D8862506}.Release|Any CPU.Build.0 = Release|Any CPU
		{BCCDD148-171C-4302-99FE-9B6C912E25CB}.Debug|Any CPU.ActiveCfg = Debug|Any CPU
		{BCCDD148-171C-4302-99FE-9B6C912E25CB}.Debug|Any CPU.Build.0 = Debug|Any CPU
		{BCCDD148-171C-4302-99FE-9B6C912E25CB}.Release|Any CPU.ActiveCfg = Release|Any CPU
		{BCCDD148-171C-4302-99FE-9B6C912E25CB}.Release|Any CPU.Build.0 = Release|Any CPU
		{86E9FE70-B320-4DE9-9398-61EA875BA120}.Debug|Any CPU.ActiveCfg = Debug|Any CPU
		{86E9FE70-B320-4DE9-9398-61EA875BA120}.Debug|Any CPU.Build.0 = Debug|Any CPU
		{86E9FE70-B320-4DE9-9398-61EA875BA120}.Release|Any CPU.ActiveCfg = Release|Any CPU
		{86E9FE70-B320-4DE9-9398-61EA875BA120}.Release|Any CPU.Build.0 = Release|Any CPU
		{BF5BE5F9-0C18-43B7-9156-85663B936227}.Debug|Any CPU.ActiveCfg = Debug|Any CPU
		{BF5BE5F9-0C18-43B7-9156-85663B936227}.Debug|Any CPU.Build.0 = Debug|Any CPU
		{BF5BE5F9-0C18-43B7-9156-85663B936227}.Release|Any CPU.ActiveCfg = Release|Any CPU
		{BF5BE5F9-0C18-43B7-9156-85663B936227}.Release|Any CPU.Build.0 = Release|Any CPU
		{0E7BE139-3A0A-4CC1-AB24-3FC1B50D202E}.Debug|Any CPU.ActiveCfg = Debug|Any CPU
		{0E7BE139-3A0A-4CC1-AB24-3FC1B50D202E}.Debug|Any CPU.Build.0 = Debug|Any CPU
		{0E7BE139-3A0A-4CC1-AB24-3FC1B50D202E}.Release|Any CPU.ActiveCfg = Release|Any CPU
		{0E7BE139-3A0A-4CC1-AB24-3FC1B50D202E}.Release|Any CPU.Build.0 = Release|Any CPU
	EndGlobalSection
	GlobalSection(SolutionProperties) = preSolution
		HideSolutionNode = FALSE
	EndGlobalSection
	GlobalSection(ExtensibilityGlobals) = postSolution
		SolutionGuid = {EEF2C3D8-6AE2-40E1-AA51-F89033EA1EDC}
	EndGlobalSection
EndGlobal
